
Microsoft Visual Studio Solution File, Format Version 12.00
# Visual Studio Version 17
VisualStudioVersion = 17.0.31903.59
MinimumVisualStudioVersion = 10.0.40219.1
Project("{2150E333-8FDC-42A3-9474-1A3956D46DE8}") = "Services", "Services", "{F29D3655-0DF7-4A88-8D1D-44C368DE38AE}"
EndProject
Project("{2150E333-8FDC-42A3-9474-1A3956D46DE8}") = "UserManagementService", "UserManagementService", "{C54F5F50-CDF4-4510-BC2F-27AC9297CA2B}"
EndProject
Project("{2150E333-8FDC-42A3-9474-1A3956D46DE8}") = "OrganizationService", "OrganizationService", "{FC03211D-EC25-4780-B71E-8BB9284A5E94}"
EndProject
Project("{9A19103F-16F7-4668-BE54-9A1E7A4F7556}") = "OrganizationService.API", "Services\OrganizationService\OrganizationService.API\OrganizationService.API.csproj", "{B8236099-7B5A-4EB2-AAC5-F84527037BAC}"
EndProject
Project("{9A19103F-16F7-4668-BE54-9A1E7A4F7556}") = "OrganizationService.Domain", "Services\OrganizationService\OrganizationService.Domain\OrganizationService.Domain.csproj", "{BB995A71-ECAD-4EDE-B445-849849E08316}"
EndProject
Project("{9A19103F-16F7-4668-BE54-9A1E7A4F7556}") = "OrganizationService.Application", "Services\OrganizationService\OrganizationService.Application\OrganizationService.Application.csproj", "{E7DA475B-97AC-4784-A52C-44F2265DDA73}"
EndProject
Project("{9A19103F-16F7-4668-BE54-9A1E7A4F7556}") = "OrganizationService.Infrastructure", "Services\OrganizationService\OrganizationService.Infrastructure\OrganizationService.Infrastructure.csproj", "{E392DF4D-C62C-4224-9CA5-89CBB3552059}"
EndProject
Project("{2150E333-8FDC-42A3-9474-1A3956D46DE8}") = "SubjectService", "SubjectService", "{8F44DD7B-0D7A-4477-B7C8-0138591945C7}"
EndProject
Project("{2150E333-8FDC-42A3-9474-1A3956D46DE8}") = "AcademicYearService", "AcademicYearService", "{4D397F45-D8F7-4BC6-836C-4CEDB34B9294}"
EndProject
Project("{9A19103F-16F7-4668-BE54-9A1E7A4F7556}") = "AcademicYearService.API", "Services\AcademicYearService\AcademicYearService.API\AcademicYearService.API.csproj", "{EC8028A3-1A1E-490C-8AA1-2A4697EBFDBF}"
EndProject
Project("{9A19103F-16F7-4668-BE54-9A1E7A4F7556}") = "AcademicYearService.Application", "Services\AcademicYearService\AcademicYearService.Application\AcademicYearService.Application.csproj", "{98FEA699-D51F-4135-AECB-DC06548C922C}"
EndProject
Project("{9A19103F-16F7-4668-BE54-9A1E7A4F7556}") = "AcademicYearService.Domain", "Services\AcademicYearService\AcademicYearService.Domain\AcademicYearService.Domain.csproj", "{8268C757-1051-45CE-9428-76F1C5E6531A}"
EndProject
Project("{9A19103F-16F7-4668-BE54-9A1E7A4F7556}") = "AcademicYearService.Infrastructure", "Services\AcademicYearService\AcademicYearService.Infrastructure\AcademicYearService.Infrastructure.csproj", "{6D796AC9-E376-4338-ACB5-D11B56CB990A}"
EndProject
Project("{9A19103F-16F7-4668-BE54-9A1E7A4F7556}") = "SubjectService.Application", "Services\SubjectService\SubjectService.Application\SubjectService.Application.csproj", "{A4F14DB4-96FA-4B74-97B1-173F9F43AD0C}"
EndProject
Project("{9A19103F-16F7-4668-BE54-9A1E7A4F7556}") = "SubjectService.Domain", "Services\SubjectService\SubjectService.Domain\SubjectService.Domain.csproj", "{9420E7F5-EFD1-4284-9C6F-6CF8DD16C559}"
EndProject
Project("{9A19103F-16F7-4668-BE54-9A1E7A4F7556}") = "SubjectService.Infrastructure", "Services\SubjectService\SubjectService.Infrastructure\SubjectService.Infrastructure.csproj", "{2E3B3623-6FA2-466E-9BAB-C2A8D6AC5191}"
EndProject
Project("{9A19103F-16F7-4668-BE54-9A1E7A4F7556}") = "SubjectService.API", "Services\SubjectService\SubjectService.API\SubjectService.API.csproj", "{407C7D87-3BCD-49A2-A467-ACAC73908011}"
EndProject
Project("{E53339B2-1760-4266-BCC7-CA923CBCF16C}") = "docker-compose", "docker-compose.dcproj", "{3A295E79-527B-462C-91B7-DEEBFDAC1F4B}"
EndProject
Project("{2150E333-8FDC-42A3-9474-1A3956D46DE8}") = "IdentityServer", "IdentityServer", "{C9EA51B1-D20D-443C-A9A8-A21E2C18EC93}"
EndProject
Project("{9A19103F-16F7-4668-BE54-9A1E7A4F7556}") = "IdentityServer", "IdentityServer\IdentityServer\IdentityServer.csproj", "{C227071C-CD40-456D-AF6A-78D726B3AA96}"
EndProject
Project("{9A19103F-16F7-4668-BE54-9A1E7A4F7556}") = "UserManagementService.API", "Services\UserManagementService\UserManagementService.API\UserManagementService.API.csproj", "{1617C7BF-C2CE-4AF2-9B7F-037EFEF327AA}"
EndProject
Project("{2150E333-8FDC-42A3-9474-1A3956D46DE8}") = "FileService", "FileService", "{F5C34047-E8A1-4C3E-BFD2-AE42C38B2772}"
EndProject
Project("{FAE04EC0-301F-11D3-BF4B-00C04F79EFBC}") = "FileService.API", "Services\FileService\FileService.API\FileService.API.csproj", "{4998AAD7-BC0E-471E-AB6F-0C925285C4D7}"
EndProject
Project("{FAE04EC0-301F-11D3-BF4B-00C04F79EFBC}") = "FileService.Application", "Services\FileService\FileService.Application\FileService.Application.csproj", "{2E87FEA1-11F1-47E0-BCDD-6F01C8156E30}"
EndProject
Project("{FAE04EC0-301F-11D3-BF4B-00C04F79EFBC}") = "FileService.Domain", "Services\FileService\FileService.Domain\FileService.Domain.csproj", "{6456D396-E0F1-4E40-A3B1-0572248CFC9B}"
EndProject
Project("{FAE04EC0-301F-11D3-BF4B-00C04F79EFBC}") = "FileService.Infrastructure", "Services\FileService\FileService.Infrastructure\FileService.Infrastructure.csproj", "{DAA79214-4A0E-47A7-8A36-5ECA64459531}"
EndProject
Global
	GlobalSection(SolutionConfigurationPlatforms) = preSolution
		Debug|Any CPU = Debug|Any CPU
		Release|Any CPU = Release|Any CPU
	EndGlobalSection
	GlobalSection(ProjectConfigurationPlatforms) = postSolution
		{B8236099-7B5A-4EB2-AAC5-F84527037BAC}.Debug|Any CPU.ActiveCfg = Debug|Any CPU
		{B8236099-7B5A-4EB2-AAC5-F84527037BAC}.Debug|Any CPU.Build.0 = Debug|Any CPU
		{B8236099-7B5A-4EB2-AAC5-F84527037BAC}.Release|Any CPU.ActiveCfg = Release|Any CPU
		{B8236099-7B5A-4EB2-AAC5-F84527037BAC}.Release|Any CPU.Build.0 = Release|Any CPU
		{BB995A71-ECAD-4EDE-B445-849849E08316}.Debug|Any CPU.ActiveCfg = Debug|Any CPU
		{BB995A71-ECAD-4EDE-B445-849849E08316}.Debug|Any CPU.Build.0 = Debug|Any CPU
		{BB995A71-ECAD-4EDE-B445-849849E08316}.Release|Any CPU.ActiveCfg = Release|Any CPU
		{BB995A71-ECAD-4EDE-B445-849849E08316}.Release|Any CPU.Build.0 = Release|Any CPU
		{E7DA475B-97AC-4784-A52C-44F2265DDA73}.Debug|Any CPU.ActiveCfg = Debug|Any CPU
		{E7DA475B-97AC-4784-A52C-44F2265DDA73}.Debug|Any CPU.Build.0 = Debug|Any CPU
		{E7DA475B-97AC-4784-A52C-44F2265DDA73}.Release|Any CPU.ActiveCfg = Release|Any CPU
		{E7DA475B-97AC-4784-A52C-44F2265DDA73}.Release|Any CPU.Build.0 = Release|Any CPU
		{E392DF4D-C62C-4224-9CA5-89CBB3552059}.Debug|Any CPU.ActiveCfg = Debug|Any CPU
		{E392DF4D-C62C-4224-9CA5-89CBB3552059}.Debug|Any CPU.Build.0 = Debug|Any CPU
		{E392DF4D-C62C-4224-9CA5-89CBB3552059}.Release|Any CPU.ActiveCfg = Release|Any CPU
		{E392DF4D-C62C-4224-9CA5-89CBB3552059}.Release|Any CPU.Build.0 = Release|Any CPU
		{EC8028A3-1A1E-490C-8AA1-2A4697EBFDBF}.Debug|Any CPU.ActiveCfg = Debug|Any CPU
		{EC8028A3-1A1E-490C-8AA1-2A4697EBFDBF}.Debug|Any CPU.Build.0 = Debug|Any CPU
		{EC8028A3-1A1E-490C-8AA1-2A4697EBFDBF}.Release|Any CPU.ActiveCfg = Release|Any CPU
		{EC8028A3-1A1E-490C-8AA1-2A4697EBFDBF}.Release|Any CPU.Build.0 = Release|Any CPU
		{98FEA699-D51F-4135-AECB-DC06548C922C}.Debug|Any CPU.ActiveCfg = Debug|Any CPU
		{98FEA699-D51F-4135-AECB-DC06548C922C}.Debug|Any CPU.Build.0 = Debug|Any CPU
		{98FEA699-D51F-4135-AECB-DC06548C922C}.Release|Any CPU.ActiveCfg = Release|Any CPU
		{98FEA699-D51F-4135-AECB-DC06548C922C}.Release|Any CPU.Build.0 = Release|Any CPU
		{8268C757-1051-45CE-9428-76F1C5E6531A}.Debug|Any CPU.ActiveCfg = Debug|Any CPU
		{8268C757-1051-45CE-9428-76F1C5E6531A}.Debug|Any CPU.Build.0 = Debug|Any CPU
		{8268C757-1051-45CE-9428-76F1C5E6531A}.Release|Any CPU.ActiveCfg = Release|Any CPU
		{8268C757-1051-45CE-9428-76F1C5E6531A}.Release|Any CPU.Build.0 = Release|Any CPU
		{6D796AC9-E376-4338-ACB5-D11B56CB990A}.Debug|Any CPU.ActiveCfg = Debug|Any CPU
		{6D796AC9-E376-4338-ACB5-D11B56CB990A}.Debug|Any CPU.Build.0 = Debug|Any CPU
		{6D796AC9-E376-4338-ACB5-D11B56CB990A}.Release|Any CPU.ActiveCfg = Release|Any CPU
		{6D796AC9-E376-4338-ACB5-D11B56CB990A}.Release|Any CPU.Build.0 = Release|Any CPU
		{A4F14DB4-96FA-4B74-97B1-173F9F43AD0C}.Debug|Any CPU.ActiveCfg = Debug|Any CPU
		{A4F14DB4-96FA-4B74-97B1-173F9F43AD0C}.Debug|Any CPU.Build.0 = Debug|Any CPU
		{A4F14DB4-96FA-4B74-97B1-173F9F43AD0C}.Release|Any CPU.ActiveCfg = Release|Any CPU
		{A4F14DB4-96FA-4B74-97B1-173F9F43AD0C}.Release|Any CPU.Build.0 = Release|Any CPU
		{9420E7F5-EFD1-4284-9C6F-6CF8DD16C559}.Debug|Any CPU.ActiveCfg = Debug|Any CPU
		{9420E7F5-EFD1-4284-9C6F-6CF8DD16C559}.Debug|Any CPU.Build.0 = Debug|Any CPU
		{9420E7F5-EFD1-4284-9C6F-6CF8DD16C559}.Release|Any CPU.ActiveCfg = Release|Any CPU
		{9420E7F5-EFD1-4284-9C6F-6CF8DD16C559}.Release|Any CPU.Build.0 = Release|Any CPU
		{2E3B3623-6FA2-466E-9BAB-C2A8D6AC5191}.Debug|Any CPU.ActiveCfg = Debug|Any CPU
		{2E3B3623-6FA2-466E-9BAB-C2A8D6AC5191}.Debug|Any CPU.Build.0 = Debug|Any CPU
		{2E3B3623-6FA2-466E-9BAB-C2A8D6AC5191}.Release|Any CPU.ActiveCfg = Release|Any CPU
		{2E3B3623-6FA2-466E-9BAB-C2A8D6AC5191}.Release|Any CPU.Build.0 = Release|Any CPU
		{407C7D87-3BCD-49A2-A467-ACAC73908011}.Debug|Any CPU.ActiveCfg = Debug|Any CPU
		{407C7D87-3BCD-49A2-A467-ACAC73908011}.Debug|Any CPU.Build.0 = Debug|Any CPU
		{407C7D87-3BCD-49A2-A467-ACAC73908011}.Release|Any CPU.ActiveCfg = Release|Any CPU
		{407C7D87-3BCD-49A2-A467-ACAC73908011}.Release|Any CPU.Build.0 = Release|Any CPU
		{3A295E79-527B-462C-91B7-DEEBFDAC1F4B}.Debug|Any CPU.ActiveCfg = Debug|Any CPU
		{3A295E79-527B-462C-91B7-DEEBFDAC1F4B}.Debug|Any CPU.Build.0 = Debug|Any CPU
		{3A295E79-527B-462C-91B7-DEEBFDAC1F4B}.Release|Any CPU.ActiveCfg = Release|Any CPU
		{3A295E79-527B-462C-91B7-DEEBFDAC1F4B}.Release|Any CPU.Build.0 = Release|Any CPU
		{C227071C-CD40-456D-AF6A-78D726B3AA96}.Debug|Any CPU.ActiveCfg = Debug|Any CPU
		{C227071C-CD40-456D-AF6A-78D726B3AA96}.Debug|Any CPU.Build.0 = Debug|Any CPU
		{C227071C-CD40-456D-AF6A-78D726B3AA96}.Release|Any CPU.ActiveCfg = Release|Any CPU
		{C227071C-CD40-456D-AF6A-78D726B3AA96}.Release|Any CPU.Build.0 = Release|Any CPU
		{1617C7BF-C2CE-4AF2-9B7F-037EFEF327AA}.Debug|Any CPU.ActiveCfg = Debug|Any CPU
		{1617C7BF-C2CE-4AF2-9B7F-037EFEF327AA}.Debug|Any CPU.Build.0 = Debug|Any CPU
		{1617C7BF-C2CE-4AF2-9B7F-037EFEF327AA}.Release|Any CPU.ActiveCfg = Release|Any CPU
		{1617C7BF-C2CE-4AF2-9B7F-037EFEF327AA}.Release|Any CPU.Build.0 = Release|Any CPU
		{4998AAD7-BC0E-471E-AB6F-0C925285C4D7}.Debug|Any CPU.ActiveCfg = Debug|Any CPU
		{4998AAD7-BC0E-471E-AB6F-0C925285C4D7}.Debug|Any CPU.Build.0 = Debug|Any CPU
		{4998AAD7-BC0E-471E-AB6F-0C925285C4D7}.Release|Any CPU.ActiveCfg = Release|Any CPU
		{4998AAD7-BC0E-471E-AB6F-0C925285C4D7}.Release|Any CPU.Build.0 = Release|Any CPU
		{2E87FEA1-11F1-47E0-BCDD-6F01C8156E30}.Debug|Any CPU.ActiveCfg = Debug|Any CPU
		{2E87FEA1-11F1-47E0-BCDD-6F01C8156E30}.Debug|Any CPU.Build.0 = Debug|Any CPU
		{2E87FEA1-11F1-47E0-BCDD-6F01C8156E30}.Release|Any CPU.ActiveCfg = Release|Any CPU
		{2E87FEA1-11F1-47E0-BCDD-6F01C8156E30}.Release|Any CPU.Build.0 = Release|Any CPU
		{6456D396-E0F1-4E40-A3B1-0572248CFC9B}.Debug|Any CPU.ActiveCfg = Debug|Any CPU
		{6456D396-E0F1-4E40-A3B1-0572248CFC9B}.Debug|Any CPU.Build.0 = Debug|Any CPU
		{6456D396-E0F1-4E40-A3B1-0572248CFC9B}.Release|Any CPU.ActiveCfg = Release|Any CPU
		{6456D396-E0F1-4E40-A3B1-0572248CFC9B}.Release|Any CPU.Build.0 = Release|Any CPU
		{DAA79214-4A0E-47A7-8A36-5ECA64459531}.Debug|Any CPU.ActiveCfg = Debug|Any CPU
		{DAA79214-4A0E-47A7-8A36-5ECA64459531}.Debug|Any CPU.Build.0 = Debug|Any CPU
		{DAA79214-4A0E-47A7-8A36-5ECA64459531}.Release|Any CPU.ActiveCfg = Release|Any CPU
		{DAA79214-4A0E-47A7-8A36-5ECA64459531}.Release|Any CPU.Build.0 = Release|Any CPU
	EndGlobalSection
	GlobalSection(SolutionProperties) = preSolution
		HideSolutionNode = FALSE
	EndGlobalSection
	GlobalSection(NestedProjects) = preSolution
		{C54F5F50-CDF4-4510-BC2F-27AC9297CA2B} = {F29D3655-0DF7-4A88-8D1D-44C368DE38AE}
		{FC03211D-EC25-4780-B71E-8BB9284A5E94} = {F29D3655-0DF7-4A88-8D1D-44C368DE38AE}
		{B8236099-7B5A-4EB2-AAC5-F84527037BAC} = {FC03211D-EC25-4780-B71E-8BB9284A5E94}
		{BB995A71-ECAD-4EDE-B445-849849E08316} = {FC03211D-EC25-4780-B71E-8BB9284A5E94}
		{E7DA475B-97AC-4784-A52C-44F2265DDA73} = {FC03211D-EC25-4780-B71E-8BB9284A5E94}
		{E392DF4D-C62C-4224-9CA5-89CBB3552059} = {FC03211D-EC25-4780-B71E-8BB9284A5E94}
		{8F44DD7B-0D7A-4477-B7C8-0138591945C7} = {F29D3655-0DF7-4A88-8D1D-44C368DE38AE}
		{4D397F45-D8F7-4BC6-836C-4CEDB34B9294} = {F29D3655-0DF7-4A88-8D1D-44C368DE38AE}
		{EC8028A3-1A1E-490C-8AA1-2A4697EBFDBF} = {4D397F45-D8F7-4BC6-836C-4CEDB34B9294}
		{98FEA699-D51F-4135-AECB-DC06548C922C} = {4D397F45-D8F7-4BC6-836C-4CEDB34B9294}
		{8268C757-1051-45CE-9428-76F1C5E6531A} = {4D397F45-D8F7-4BC6-836C-4CEDB34B9294}
		{6D796AC9-E376-4338-ACB5-D11B56CB990A} = {4D397F45-D8F7-4BC6-836C-4CEDB34B9294}
		{A4F14DB4-96FA-4B74-97B1-173F9F43AD0C} = {8F44DD7B-0D7A-4477-B7C8-0138591945C7}
		{9420E7F5-EFD1-4284-9C6F-6CF8DD16C559} = {8F44DD7B-0D7A-4477-B7C8-0138591945C7}
		{2E3B3623-6FA2-466E-9BAB-C2A8D6AC5191} = {8F44DD7B-0D7A-4477-B7C8-0138591945C7}
		{407C7D87-3BCD-49A2-A467-ACAC73908011} = {8F44DD7B-0D7A-4477-B7C8-0138591945C7}
		{C227071C-CD40-456D-AF6A-78D726B3AA96} = {C9EA51B1-D20D-443C-A9A8-A21E2C18EC93}
		{F5C34047-E8A1-4C3E-BFD2-AE42C38B2772} = {F29D3655-0DF7-4A88-8D1D-44C368DE38AE}
		{4998AAD7-BC0E-471E-AB6F-0C925285C4D7} = {F5C34047-E8A1-4C3E-BFD2-AE42C38B2772}
		{2E87FEA1-11F1-47E0-BCDD-6F01C8156E30} = {F5C34047-E8A1-4C3E-BFD2-AE42C38B2772}
		{6456D396-E0F1-4E40-A3B1-0572248CFC9B} = {F5C34047-E8A1-4C3E-BFD2-AE42C38B2772}
		{DAA79214-4A0E-47A7-8A36-5ECA64459531} = {F5C34047-E8A1-4C3E-BFD2-AE42C38B2772}
		{1617C7BF-C2CE-4AF2-9B7F-037EFEF327AA} = {C54F5F50-CDF4-4510-BC2F-27AC9297CA2B}
	EndGlobalSection
	GlobalSection(ExtensibilityGlobals) = postSolution
		SolutionGuid = {4A09A596-ED82-4417-85BF-3265AF2BF72F}
	EndGlobalSection
EndGlobal
